// !$*UTF8*$!
{
	archiveVersion = 1;
	classes = {
	};
	objectVersion = 46;
	objects = {

/* Begin PBXBuildFile section */
		30F00FD31ED4776400FB1BAA /* Message.swift in Sources */ = {isa = PBXBuildFile; fileRef = 30F00FD21ED4776400FB1BAA /* Message.swift */; };
		F4579827088687D96D80A32C /* Pods_FakeSMS.framework in Frameworks */ = {isa = PBXBuildFile; fileRef = 7041B7454A03BFF79AF2BB48 /* Pods_FakeSMS.framework */; };
		F89573681E90BB8F00238779 /* AppDelegate.swift in Sources */ = {isa = PBXBuildFile; fileRef = F89573671E90BB8F00238779 /* AppDelegate.swift */; };
		F895736F1E90BB8F00238779 /* Assets.xcassets in Resources */ = {isa = PBXBuildFile; fileRef = F895736E1E90BB8F00238779 /* Assets.xcassets */; };
		F89573721E90BB8F00238779 /* LaunchScreen.storyboard in Resources */ = {isa = PBXBuildFile; fileRef = F89573701E90BB8F00238779 /* LaunchScreen.storyboard */; };
		F8B5F9561ED0AD050006D339 /* UIView+Extensions.swift in Sources */ = {isa = PBXBuildFile; fileRef = F8B5F9551ED0AD050006D339 /* UIView+Extensions.swift */; };
		F8B710721ED0208000E23FF3 /* HomeViewController.xib in Resources */ = {isa = PBXBuildFile; fileRef = F8B710701ED0208000E23FF3 /* HomeViewController.xib */; };
		F8B710731ED0208000E23FF3 /* HomeViewController.swift in Sources */ = {isa = PBXBuildFile; fileRef = F8B710711ED0208000E23FF3 /* HomeViewController.swift */; };
		F8B710771ED02D3F00E23FF3 /* FriendTableViewCell.swift in Sources */ = {isa = PBXBuildFile; fileRef = F8B710751ED02D3F00E23FF3 /* FriendTableViewCell.swift */; };
		F8B710781ED02D3F00E23FF3 /* FriendTableViewCell.xib in Resources */ = {isa = PBXBuildFile; fileRef = F8B710761ED02D3F00E23FF3 /* FriendTableViewCell.xib */; };
		F8B7107C1ED02D6A00E23FF3 /* MeTableViewCell.swift in Sources */ = {isa = PBXBuildFile; fileRef = F8B7107A1ED02D6A00E23FF3 /* MeTableViewCell.swift */; };
		F8B7107D1ED02D6A00E23FF3 /* MeTableViewCell.xib in Resources */ = {isa = PBXBuildFile; fileRef = F8B7107B1ED02D6A00E23FF3 /* MeTableViewCell.xib */; };
		F8E422121ED0A8DC002DE72C /* CommonUtility.swift in Sources */ = {isa = PBXBuildFile; fileRef = F8E422111ED0A8DC002DE72C /* CommonUtility.swift */; };
/* End PBXBuildFile section */

/* Begin PBXFileReference section */
		30F00FD21ED4776400FB1BAA /* Message.swift */ = {isa = PBXFileReference; fileEncoding = 4; lastKnownFileType = sourcecode.swift; name = Message.swift; path = Models/Message.swift; sourceTree = "<group>"; };
		65944AFB91D7ACAA469892B3 /* Pods-FakeSMS.debug.xcconfig */ = {isa = PBXFileReference; includeInIndex = 1; lastKnownFileType = text.xcconfig; name = "Pods-FakeSMS.debug.xcconfig"; path = "Pods/Target Support Files/Pods-FakeSMS/Pods-FakeSMS.debug.xcconfig"; sourceTree = "<group>"; };
		7041B7454A03BFF79AF2BB48 /* Pods_FakeSMS.framework */ = {isa = PBXFileReference; explicitFileType = wrapper.framework; includeInIndex = 0; path = Pods_FakeSMS.framework; sourceTree = BUILT_PRODUCTS_DIR; };
		97997FA648D03BBFF433ADDA /* Pods-FakeSMS.release.xcconfig */ = {isa = PBXFileReference; includeInIndex = 1; lastKnownFileType = text.xcconfig; name = "Pods-FakeSMS.release.xcconfig"; path = "Pods/Target Support Files/Pods-FakeSMS/Pods-FakeSMS.release.xcconfig"; sourceTree = "<group>"; };
		F89573641E90BB8F00238779 /* FakeSMS.app */ = {isa = PBXFileReference; explicitFileType = wrapper.application; includeInIndex = 0; path = FakeSMS.app; sourceTree = BUILT_PRODUCTS_DIR; };
		F89573671E90BB8F00238779 /* AppDelegate.swift */ = {isa = PBXFileReference; lastKnownFileType = sourcecode.swift; path = AppDelegate.swift; sourceTree = "<group>"; };
		F895736E1E90BB8F00238779 /* Assets.xcassets */ = {isa = PBXFileReference; lastKnownFileType = folder.assetcatalog; path = Assets.xcassets; sourceTree = "<group>"; };
		F89573711E90BB8F00238779 /* Base */ = {isa = PBXFileReference; lastKnownFileType = file.storyboard; name = Base; path = Base.lproj/LaunchScreen.storyboard; sourceTree = "<group>"; };
		F89573731E90BB8F00238779 /* Info.plist */ = {isa = PBXFileReference; lastKnownFileType = text.plist.xml; path = Info.plist; sourceTree = "<group>"; };
		F8B5F9551ED0AD050006D339 /* UIView+Extensions.swift */ = {isa = PBXFileReference; fileEncoding = 4; lastKnownFileType = sourcecode.swift; name = "UIView+Extensions.swift"; path = "Extensions/UIView+Extensions.swift"; sourceTree = "<group>"; };
		F8B710701ED0208000E23FF3 /* HomeViewController.xib */ = {isa = PBXFileReference; fileEncoding = 4; lastKnownFileType = file.xib; name = HomeViewController.xib; path = ViewControllers/HomeViewController/HomeViewController.xib; sourceTree = "<group>"; };
		F8B710711ED0208000E23FF3 /* HomeViewController.swift */ = {isa = PBXFileReference; fileEncoding = 4; lastKnownFileType = sourcecode.swift; name = HomeViewController.swift; path = ViewControllers/HomeViewController/HomeViewController.swift; sourceTree = "<group>"; };
		F8B710751ED02D3F00E23FF3 /* FriendTableViewCell.swift */ = {isa = PBXFileReference; fileEncoding = 4; lastKnownFileType = sourcecode.swift; name = FriendTableViewCell.swift; path = ViewControllers/HomeViewController/FriendTableViewCell/FriendTableViewCell.swift; sourceTree = "<group>"; };
		F8B710761ED02D3F00E23FF3 /* FriendTableViewCell.xib */ = {isa = PBXFileReference; fileEncoding = 4; lastKnownFileType = file.xib; name = FriendTableViewCell.xib; path = ViewControllers/HomeViewController/FriendTableViewCell/FriendTableViewCell.xib; sourceTree = "<group>"; };
		F8B7107A1ED02D6A00E23FF3 /* MeTableViewCell.swift */ = {isa = PBXFileReference; fileEncoding = 4; lastKnownFileType = sourcecode.swift; name = MeTableViewCell.swift; path = ViewControllers/HomeViewController/MeTableViewCell/MeTableViewCell.swift; sourceTree = "<group>"; };
		F8B7107B1ED02D6A00E23FF3 /* MeTableViewCell.xib */ = {isa = PBXFileReference; fileEncoding = 4; lastKnownFileType = file.xib; name = MeTableViewCell.xib; path = ViewControllers/HomeViewController/MeTableViewCell/MeTableViewCell.xib; sourceTree = "<group>"; };
		F8E422111ED0A8DC002DE72C /* CommonUtility.swift */ = {isa = PBXFileReference; fileEncoding = 4; lastKnownFileType = sourcecode.swift; name = CommonUtility.swift; path = Utility/CommonUtility.swift; sourceTree = "<group>"; };
/* End PBXFileReference section */

/* Begin PBXFrameworksBuildPhase section */
		F89573611E90BB8F00238779 /* Frameworks */ = {
			isa = PBXFrameworksBuildPhase;
			buildActionMask = 2147483647;
			files = (
				F4579827088687D96D80A32C /* Pods_FakeSMS.framework in Frameworks */,
			);
			runOnlyForDeploymentPostprocessing = 0;
		};
/* End PBXFrameworksBuildPhase section */

/* Begin PBXGroup section */
		30F00FD11ED4774500FB1BAA /* Models */ = {
			isa = PBXGroup;
			children = (
				30F00FD21ED4776400FB1BAA /* Message.swift */,
			);
			name = Models;
			sourceTree = "<group>";
		};
		342C420AE01BCF015D334E22 /* Pods */ = {
			isa = PBXGroup;
			children = (
				65944AFB91D7ACAA469892B3 /* Pods-FakeSMS.debug.xcconfig */,
				97997FA648D03BBFF433ADDA /* Pods-FakeSMS.release.xcconfig */,
			);
			name = Pods;
			sourceTree = "<group>";
		};
		4DB14BAC8D7616ABCFF3AD09 /* Frameworks */ = {
			isa = PBXGroup;
			children = (
				7041B7454A03BFF79AF2BB48 /* Pods_FakeSMS.framework */,
			);
			name = Frameworks;
			sourceTree = "<group>";
		};
		F895735B1E90BB8F00238779 = {
			isa = PBXGroup;
			children = (
				F89573661E90BB8F00238779 /* FakeSMS */,
				F89573651E90BB8F00238779 /* Products */,
				342C420AE01BCF015D334E22 /* Pods */,
				4DB14BAC8D7616ABCFF3AD09 /* Frameworks */,
			);
			sourceTree = "<group>";
		};
		F89573651E90BB8F00238779 /* Products */ = {
			isa = PBXGroup;
			children = (
				F89573641E90BB8F00238779 /* FakeSMS.app */,
			);
			name = Products;
			sourceTree = "<group>";
		};
		F89573661E90BB8F00238779 /* FakeSMS */ = {
			isa = PBXGroup;
			children = (
				30F00FD11ED4774500FB1BAA /* Models */,
				F8B5F9541ED0ACF10006D339 /* Extensions */,
				F8E422101ED0A8B4002DE72C /* Utility */,
				F8B7106E1ED01FDF00E23FF3 /* ViewControllers */,
				F89573671E90BB8F00238779 /* AppDelegate.swift */,
				F895736E1E90BB8F00238779 /* Assets.xcassets */,
				F89573701E90BB8F00238779 /* LaunchScreen.storyboard */,
				F89573731E90BB8F00238779 /* Info.plist */,
			);
			path = FakeSMS;
			sourceTree = "<group>";
		};
		F8B5F9541ED0ACF10006D339 /* Extensions */ = {
			isa = PBXGroup;
			children = (
				F8B5F9551ED0AD050006D339 /* UIView+Extensions.swift */,
			);
			name = Extensions;
			sourceTree = "<group>";
		};
		F8B7106E1ED01FDF00E23FF3 /* ViewControllers */ = {
			isa = PBXGroup;
			children = (
				F8B7106F1ED01FFC00E23FF3 /* HomeViewController */,
			);
			name = ViewControllers;
			sourceTree = "<group>";
		};
		F8B7106F1ED01FFC00E23FF3 /* HomeViewController */ = {
			isa = PBXGroup;
			children = (
				F8B710741ED02D1800E23FF3 /* FriendTableViewCell */,
				F8B710791ED02D4400E23FF3 /* MeTableViewCell */,
				F8B710711ED0208000E23FF3 /* HomeViewController.swift */,
				F8B710701ED0208000E23FF3 /* HomeViewController.xib */,
			);
			name = HomeViewController;
			sourceTree = "<group>";
		};
		F8B710741ED02D1800E23FF3 /* FriendTableViewCell */ = {
			isa = PBXGroup;
			children = (
				F8B710751ED02D3F00E23FF3 /* FriendTableViewCell.swift */,
				F8B710761ED02D3F00E23FF3 /* FriendTableViewCell.xib */,
			);
			name = FriendTableViewCell;
			sourceTree = "<group>";
		};
		F8B710791ED02D4400E23FF3 /* MeTableViewCell */ = {
			isa = PBXGroup;
			children = (
				F8B7107A1ED02D6A00E23FF3 /* MeTableViewCell.swift */,
				F8B7107B1ED02D6A00E23FF3 /* MeTableViewCell.xib */,
			);
			name = MeTableViewCell;
			sourceTree = "<group>";
		};
		F8E422101ED0A8B4002DE72C /* Utility */ = {
			isa = PBXGroup;
			children = (
				F8E422111ED0A8DC002DE72C /* CommonUtility.swift */,
			);
			name = Utility;
			sourceTree = "<group>";
		};
/* End PBXGroup section */

/* Begin PBXNativeTarget section */
		F89573631E90BB8F00238779 /* FakeSMS */ = {
			isa = PBXNativeTarget;
			buildConfigurationList = F89573761E90BB8F00238779 /* Build configuration list for PBXNativeTarget "FakeSMS" */;
			buildPhases = (
				34A528A33F0FF2732F2AB86B /* [CP] Check Pods Manifest.lock */,
				F89573601E90BB8F00238779 /* Sources */,
				F89573611E90BB8F00238779 /* Frameworks */,
				F89573621E90BB8F00238779 /* Resources */,
				D6FCC9F7AAF7672514457413 /* [CP] Embed Pods Frameworks */,
				E6A96A4A94EED32717D6F811 /* [CP] Copy Pods Resources */,
			);
			buildRules = (
			);
			dependencies = (
			);
			name = FakeSMS;
			productName = FakeSMS;
			productReference = F89573641E90BB8F00238779 /* FakeSMS.app */;
			productType = "com.apple.product-type.application";
		};
/* End PBXNativeTarget section */

/* Begin PBXProject section */
		F895735C1E90BB8F00238779 /* Project object */ = {
			isa = PBXProject;
			attributes = {
				LastSwiftUpdateCheck = 0830;
				LastUpgradeCheck = 0830;
				ORGANIZATIONNAME = "Hay Nhanh";
				TargetAttributes = {
					F89573631E90BB8F00238779 = {
						CreatedOnToolsVersion = 8.3;
						DevelopmentTeam = Z4ZNZ62PTW;
						ProvisioningStyle = Automatic;
					};
				};
			};
			buildConfigurationList = F895735F1E90BB8F00238779 /* Build configuration list for PBXProject "FakeSMS" */;
			compatibilityVersion = "Xcode 3.2";
			developmentRegion = English;
			hasScannedForEncodings = 0;
			knownRegions = (
				en,
				Base,
			);
			mainGroup = F895735B1E90BB8F00238779;
			productRefGroup = F89573651E90BB8F00238779 /* Products */;
			projectDirPath = "";
			projectRoot = "";
			targets = (
				F89573631E90BB8F00238779 /* FakeSMS */,
			);
		};
/* End PBXProject section */

/* Begin PBXResourcesBuildPhase section */
		F89573621E90BB8F00238779 /* Resources */ = {
			isa = PBXResourcesBuildPhase;
			buildActionMask = 2147483647;
			files = (
				F8B7107D1ED02D6A00E23FF3 /* MeTableViewCell.xib in Resources */,
				F89573721E90BB8F00238779 /* LaunchScreen.storyboard in Resources */,
				F895736F1E90BB8F00238779 /* Assets.xcassets in Resources */,
				F8B710721ED0208000E23FF3 /* HomeViewController.xib in Resources */,
				F8B710781ED02D3F00E23FF3 /* FriendTableViewCell.xib in Resources */,
			);
			runOnlyForDeploymentPostprocessing = 0;
		};
/* End PBXResourcesBuildPhase section */

/* Begin PBXShellScriptBuildPhase section */
		34A528A33F0FF2732F2AB86B /* [CP] Check Pods Manifest.lock */ = {
			isa = PBXShellScriptBuildPhase;
			buildActionMask = 2147483647;
			files = (
			);
			inputPaths = (
				"${PODS_PODFILE_DIR_PATH}/Podfile.lock",
				"${PODS_ROOT}/Manifest.lock",
			);
			name = "[CP] Check Pods Manifest.lock";
			outputPaths = (
				"$(DERIVED_FILE_DIR)/Pods-FakeSMS-checkManifestLockResult.txt",
			);
			runOnlyForDeploymentPostprocessing = 0;
			shellPath = /bin/sh;
			shellScript = "diff \"${PODS_PODFILE_DIR_PATH}/Podfile.lock\" \"${PODS_ROOT}/Manifest.lock\" > /dev/null\nif [ $? != 0 ] ; then\n    # print error to STDERR\n    echo \"error: The sandbox is not in sync with the Podfile.lock. Run 'pod install' or update your CocoaPods installation.\" >&2\n    exit 1\nfi\n# This output is used by Xcode 'outputs' to avoid re-running this script phase.\necho \"SUCCESS\" > \"${SCRIPT_OUTPUT_FILE_0}\"\n";
			showEnvVarsInLog = 0;
		};
		D6FCC9F7AAF7672514457413 /* [CP] Embed Pods Frameworks */ = {
			isa = PBXShellScriptBuildPhase;
			buildActionMask = 2147483647;
			files = (
			);
			inputPaths = (
				"${SRCROOT}/Pods/Target Support Files/Pods-FakeSMS/Pods-FakeSMS-frameworks.sh",
				"${BUILT_PRODUCTS_DIR}/IQKeyboardManagerSwift/IQKeyboardManagerSwift.framework",
			);
			name = "[CP] Embed Pods Frameworks";
			outputPaths = (
				"${TARGET_BUILD_DIR}/${FRAMEWORKS_FOLDER_PATH}/IQKeyboardManagerSwift.framework",
			);
			runOnlyForDeploymentPostprocessing = 0;
			shellPath = /bin/sh;
			shellScript = "\"${SRCROOT}/Pods/Target Support Files/Pods-FakeSMS/Pods-FakeSMS-frameworks.sh\"\n";
			showEnvVarsInLog = 0;
		};
		E6A96A4A94EED32717D6F811 /* [CP] Copy Pods Resources */ = {
			isa = PBXShellScriptBuildPhase;
			buildActionMask = 2147483647;
			files = (
			);
			inputPaths = (
			);
			name = "[CP] Copy Pods Resources";
			outputPaths = (
			);
			runOnlyForDeploymentPostprocessing = 0;
			shellPath = /bin/sh;
			shellScript = "\"${SRCROOT}/Pods/Target Support Files/Pods-FakeSMS/Pods-FakeSMS-resources.sh\"\n";
			showEnvVarsInLog = 0;
		};
/* End PBXShellScriptBuildPhase section */

/* Begin PBXSourcesBuildPhase section */
		F89573601E90BB8F00238779 /* Sources */ = {
			isa = PBXSourcesBuildPhase;
			buildActionMask = 2147483647;
			files = (
				F8B5F9561ED0AD050006D339 /* UIView+Extensions.swift in Sources */,
				F8B710771ED02D3F00E23FF3 /* FriendTableViewCell.swift in Sources */,
				F8E422121ED0A8DC002DE72C /* CommonUtility.swift in Sources */,
				F8B7107C1ED02D6A00E23FF3 /* MeTableViewCell.swift in Sources */,
				F89573681E90BB8F00238779 /* AppDelegate.swift in Sources */,
				F8B710731ED0208000E23FF3 /* HomeViewController.swift in Sources */,
				30F00FD31ED4776400FB1BAA /* Message.swift in Sources */,
			);
			runOnlyForDeploymentPostprocessing = 0;
		};
/* End PBXSourcesBuildPhase section */

/* Begin PBXVariantGroup section */
		F89573701E90BB8F00238779 /* LaunchScreen.storyboard */ = {
			isa = PBXVariantGroup;
			children = (
				F89573711E90BB8F00238779 /* Base */,
			);
			name = LaunchScreen.storyboard;
			sourceTree = "<group>";
		};
/* End PBXVariantGroup section */

/* Begin XCBuildConfiguration section */
		F89573741E90BB8F00238779 /* Debug */ = {
			isa = XCBuildConfiguration;
			buildSettings = {
				ALWAYS_SEARCH_USER_PATHS = NO;
				CLANG_ANALYZER_NONNULL = YES;
				CLANG_ANALYZER_NUMBER_OBJECT_CONVERSION = YES_AGGRESSIVE;
				CLANG_CXX_LANGUAGE_STANDARD = "gnu++0x";
				CLANG_CXX_LIBRARY = "libc++";
				CLANG_ENABLE_MODULES = YES;
				CLANG_ENABLE_OBJC_ARC = YES;
				CLANG_WARN_BOOL_CONVERSION = YES;
				CLANG_WARN_CONSTANT_CONVERSION = YES;
				CLANG_WARN_DIRECT_OBJC_ISA_USAGE = YES_ERROR;
				CLANG_WARN_DOCUMENTATION_COMMENTS = YES;
				CLANG_WARN_EMPTY_BODY = YES;
				CLANG_WARN_ENUM_CONVERSION = YES;
				CLANG_WARN_INFINITE_RECURSION = YES;
				CLANG_WARN_INT_CONVERSION = YES;
				CLANG_WARN_OBJC_ROOT_CLASS = YES_ERROR;
				CLANG_WARN_SUSPICIOUS_MOVE = YES;
				CLANG_WARN_UNREACHABLE_CODE = YES;
				CLANG_WARN__DUPLICATE_METHOD_MATCH = YES;
				"CODE_SIGN_IDENTITY[sdk=iphoneos*]" = "iPhone Developer";
				COPY_PHASE_STRIP = NO;
				DEBUG_INFORMATION_FORMAT = dwarf;
				ENABLE_STRICT_OBJC_MSGSEND = YES;
				ENABLE_TESTABILITY = YES;
				GCC_C_LANGUAGE_STANDARD = gnu99;
				GCC_DYNAMIC_NO_PIC = NO;
				GCC_NO_COMMON_BLOCKS = YES;
				GCC_OPTIMIZATION_LEVEL = 0;
				GCC_PREPROCESSOR_DEFINITIONS = (
					"DEBUG=1",
					"$(inherited)",
				);
				GCC_WARN_64_TO_32_BIT_CONVERSION = YES;
				GCC_WARN_ABOUT_RETURN_TYPE = YES_ERROR;
				GCC_WARN_UNDECLARED_SELECTOR = YES;
				GCC_WARN_UNINITIALIZED_AUTOS = YES_AGGRESSIVE;
				GCC_WARN_UNUSED_FUNCTION = YES;
				GCC_WARN_UNUSED_VARIABLE = YES;
				IPHONEOS_DEPLOYMENT_TARGET = 8.0;
				MTL_ENABLE_DEBUG_INFO = YES;
				ONLY_ACTIVE_ARCH = YES;
				SDKROOT = iphoneos;
				SWIFT_ACTIVE_COMPILATION_CONDITIONS = DEBUG;
				SWIFT_OPTIMIZATION_LEVEL = "-Onone";
			};
			name = Debug;
		};
		F89573751E90BB8F00238779 /* Release */ = {
			isa = XCBuildConfiguration;
			buildSettings = {
				ALWAYS_SEARCH_USER_PATHS = NO;
				CLANG_ANALYZER_NONNULL = YES;
				CLANG_ANALYZER_NUMBER_OBJECT_CONVERSION = YES_AGGRESSIVE;
				CLANG_CXX_LANGUAGE_STANDARD = "gnu++0x";
				CLANG_CXX_LIBRARY = "libc++";
				CLANG_ENABLE_MODULES = YES;
				CLANG_ENABLE_OBJC_ARC = YES;
				CLANG_WARN_BOOL_CONVERSION = YES;
				CLANG_WARN_CONSTANT_CONVERSION = YES;
				CLANG_WARN_DIRECT_OBJC_ISA_USAGE = YES_ERROR;
				CLANG_WARN_DOCUMENTATION_COMMENTS = YES;
				CLANG_WARN_EMPTY_BODY = YES;
				CLANG_WARN_ENUM_CONVERSION = YES;
				CLANG_WARN_INFINITE_RECURSION = YES;
				CLANG_WARN_INT_CONVERSION = YES;
				CLANG_WARN_OBJC_ROOT_CLASS = YES_ERROR;
				CLANG_WARN_SUSPICIOUS_MOVE = YES;
				CLANG_WARN_UNREACHABLE_CODE = YES;
				CLANG_WARN__DUPLICATE_METHOD_MATCH = YES;
				"CODE_SIGN_IDENTITY[sdk=iphoneos*]" = "iPhone Developer";
				COPY_PHASE_STRIP = NO;
				DEBUG_INFORMATION_FORMAT = "dwarf-with-dsym";
				ENABLE_NS_ASSERTIONS = NO;
				ENABLE_STRICT_OBJC_MSGSEND = YES;
				GCC_C_LANGUAGE_STANDARD = gnu99;
				GCC_NO_COMMON_BLOCKS = YES;
				GCC_WARN_64_TO_32_BIT_CONVERSION = YES;
				GCC_WARN_ABOUT_RETURN_TYPE = YES_ERROR;
				GCC_WARN_UNDECLARED_SELECTOR = YES;
				GCC_WARN_UNINITIALIZED_AUTOS = YES_AGGRESSIVE;
				GCC_WARN_UNUSED_FUNCTION = YES;
				GCC_WARN_UNUSED_VARIABLE = YES;
				IPHONEOS_DEPLOYMENT_TARGET = 8.0;
				MTL_ENABLE_DEBUG_INFO = NO;
				SDKROOT = iphoneos;
				SWIFT_OPTIMIZATION_LEVEL = "-Owholemodule";
				VALIDATE_PRODUCT = YES;
			};
			name = Release;
		};
		F89573771E90BB8F00238779 /* Debug */ = {
			isa = XCBuildConfiguration;
			baseConfigurationReference = 65944AFB91D7ACAA469892B3 /* Pods-FakeSMS.debug.xcconfig */;
			buildSettings = {
				ASSETCATALOG_COMPILER_APPICON_NAME = AppIcon;
				DEVELOPMENT_TEAM = Z4ZNZ62PTW;
				INFOPLIST_FILE = FakeSMS/Info.plist;
				LD_RUNPATH_SEARCH_PATHS = "$(inherited) @executable_path/Frameworks";
				PRODUCT_BUNDLE_IDENTIFIER = com.haynhanh.FakeSMS;
				PRODUCT_NAME = "$(TARGET_NAME)";
				SWIFT_VERSION = 3.0;
			};
			name = Debug;
		};
		F89573781E90BB8F00238779 /* Release */ = {
			isa = XCBuildConfiguration;
			baseConfigurationReference = 97997FA648D03BBFF433ADDA /* Pods-FakeSMS.release.xcconfig */;
			buildSettings = {
				ASSETCATALOG_COMPILER_APPICON_NAME = AppIcon;
				DEVELOPMENT_TEAM = Z4ZNZ62PTW;
				INFOPLIST_FILE = FakeSMS/Info.plist;
				LD_RUNPATH_SEARCH_PATHS = "$(inherited) @executable_path/Frameworks";
				PRODUCT_BUNDLE_IDENTIFIER = com.haynhanh.FakeSMS;
				PRODUCT_NAME = "$(TARGET_NAME)";
				SWIFT_VERSION = 3.0;
			};
			name = Release;
		};
/* End XCBuildConfiguration section */

/* Begin XCConfigurationList section */
		F895735F1E90BB8F00238779 /* Build configuration list for PBXProject "FakeSMS" */ = {
			isa = XCConfigurationList;
			buildConfigurations = (
				F89573741E90BB8F00238779 /* Debug */,
				F89573751E90BB8F00238779 /* Release */,
			);
			defaultConfigurationIsVisible = 0;
			defaultConfigurationName = Release;
		};
		F89573761E90BB8F00238779 /* Build configuration list for PBXNativeTarget "FakeSMS" */ = {
			isa = XCConfigurationList;
			buildConfigurations = (
				F89573771E90BB8F00238779 /* Debug */,
				F89573781E90BB8F00238779 /* Release */,
			);
			defaultConfigurationIsVisible = 0;
			defaultConfigurationName = Release;
		};
/* End XCConfigurationList section */
	};
	rootObject = F895735C1E90BB8F00238779 /* Project object */;
}
