// !$*UTF8*$!
{
	archiveVersion = 1;
	classes = {
	};
	objectVersion = 46;
	objects = {

/* Begin PBXBuildFile section */
		F89573681E90BB8F00238779 /* AppDelegate.swift in Sources */ = {isa = PBXBuildFile; fileRef = F89573671E90BB8F00238779 /* AppDelegate.swift */; };
		F895736A1E90BB8F00238779 /* ViewController.swift in Sources */ = {isa = PBXBuildFile; fileRef = F89573691E90BB8F00238779 /* ViewController.swift */; };
		F895736D1E90BB8F00238779 /* Main.storyboard in Resources */ = {isa = PBXBuildFile; fileRef = F895736B1E90BB8F00238779 /* Main.storyboard */; };
		F895736F1E90BB8F00238779 /* Assets.xcassets in Resources */ = {isa = PBXBuildFile; fileRef = F895736E1E90BB8F00238779 /* Assets.xcassets */; };
		F89573721E90BB8F00238779 /* LaunchScreen.storyboard in Resources */ = {isa = PBXBuildFile; fileRef = F89573701E90BB8F00238779 /* LaunchScreen.storyboard */; };
/* End PBXBuildFile section */

/* Begin PBXFileReference section */
		F89573641E90BB8F00238779 /* FakeSMS.app */ = {isa = PBXFileReference; explicitFileType = wrapper.application; includeInIndex = 0; path = FakeSMS.app; sourceTree = BUILT_PRODUCTS_DIR; };
		F89573671E90BB8F00238779 /* AppDelegate.swift */ = {isa = PBXFileReference; lastKnownFileType = sourcecode.swift; path = AppDelegate.swift; sourceTree = "<group>"; };
		F89573691E90BB8F00238779 /* ViewController.swift */ = {isa = PBXFileReference; lastKnownFileType = sourcecode.swift; path = ViewController.swift; sourceTree = "<group>"; };
		F895736C1E90BB8F00238779 /* Base */ = {isa = PBXFileReference; lastKnownFileType = file.storyboard; name = Base; path = Base.lproj/Main.storyboard; sourceTree = "<group>"; };
		F895736E1E90BB8F00238779 /* Assets.xcassets */ = {isa = PBXFileReference; lastKnownFileType = folder.assetcatalog; path = Assets.xcassets; sourceTree = "<group>"; };
		F89573711E90BB8F00238779 /* Base */ = {isa = PBXFileReference; lastKnownFileType = file.storyboard; name = Base; path = Base.lproj/LaunchScreen.storyboard; sourceTree = "<group>"; };
		F89573731E90BB8F00238779 /* Info.plist */ = {isa = PBXFileReference; lastKnownFileType = text.plist.xml; path = Info.plist; sourceTree = "<group>"; };
/* End PBXFileReference section */

/* Begin PBXFrameworksBuildPhase section */
		F89573611E90BB8F00238779 /* Frameworks */ = {
			isa = PBXFrameworksBuildPhase;
			buildActionMask = 2147483647;
			files = (
			);
			runOnlyForDeploymentPostprocessing = 0;
		};
/* End PBXFrameworksBuildPhase section */

/* Begin PBXGroup section */
		F895735B1E90BB8F00238779 = {
			isa = PBXGroup;
			children = (
				F89573661E90BB8F00238779 /* FakeSMS */,
				F89573651E90BB8F00238779 /* Products */,
			);
			sourceTree = "<group>";
		};
		F89573651E90BB8F00238779 /* Products */ = {
			isa = PBXGroup;
			children = (
				F89573641E90BB8F00238779 /* FakeSMS.app */,
			);
			name = Products;
			sourceTree = "<group>";
		};
		F89573661E90BB8F00238779 /* FakeSMS */ = {
			isa = PBXGroup;
			children = (
				F89573671E90BB8F00238779 /* AppDelegate.swift */,
				F89573691E90BB8F00238779 /* ViewController.swift */,
				F895736B1E90BB8F00238779 /* Main.storyboard */,
				F895736E1E90BB8F00238779 /* Assets.xcassets */,
				F89573701E90BB8F00238779 /* LaunchScreen.storyboard */,
				F89573731E90BB8F00238779 /* Info.plist */,
			);
			path = FakeSMS;
			sourceTree = "<group>";
		};
/* End PBXGroup section */

/* Begin PBXNativeTarget section */
		F89573631E90BB8F00238779 /* FakeSMS */ = {
			isa = PBXNativeTarget;
			buildConfigurationList = F89573761E90BB8F00238779 /* Build configuration list for PBXNativeTarget "FakeSMS" */;
			buildPhases = (
				F89573601E90BB8F00238779 /* Sources */,
				F89573611E90BB8F00238779 /* Frameworks */,
				F89573621E90BB8F00238779 /* Resources */,
			);
			buildRules = (
			);
			dependencies = (
			);
			name = FakeSMS;
			productName = FakeSMS;
			productReference = F89573641E90BB8F00238779 /* FakeSMS.app */;
			productType = "com.apple.product-type.application";
		};
/* End PBXNativeTarget section */

/* Begin PBXProject section */
		F895735C1E90BB8F00238779 /* Project object */ = {
			isa = PBXProject;
			attributes = {
				LastSwiftUpdateCheck = 0830;
				LastUpgradeCheck = 0830;
				ORGANIZATIONNAME = "Hay Nhanh";
				TargetAttributes = {
					F89573631E90BB8F00238779 = {
						CreatedOnToolsVersion = 8.3;
						DevelopmentTeam = Z4ZNZ62PTW;
						ProvisioningStyle = Automatic;
					};
				};
			};
			buildConfigurationList = F895735F1E90BB8F00238779 /* Build configuration list for PBXProject "FakeSMS" */;
			compatibilityVersion = "Xcode 3.2";
			developmentRegion = English;
			hasScannedForEncodings = 0;
			knownRegions = (
				en,
				Base,
			);
			mainGroup = F895735B1E90BB8F00238779;
			productRefGroup = F89573651E90BB8F00238779 /* Products */;
			projectDirPath = "";
			projectRoot = "";
			targets = (
				F89573631E90BB8F00238779 /* FakeSMS */,
			);
		};
/* End PBXProject section */

/* Begin PBXResourcesBuildPhase section */
		F89573621E90BB8F00238779 /* Resources */ = {
			isa = PBXResourcesBuildPhase;
			buildActionMask = 2147483647;
			files = (
				F89573721E90BB8F00238779 /* LaunchScreen.storyboard in Resources */,
				F895736F1E90BB8F00238779 /* Assets.xcassets in Resources */,
				F895736D1E90BB8F00238779 /* Main.storyboard in Resources */,
			);
			runOnlyForDeploymentPostprocessing = 0;
		};
/* End PBXResourcesBuildPhase section */

/* Begin PBXSourcesBuildPhase section */
		F89573601E90BB8F00238779 /* Sources */ = {
			isa = PBXSourcesBuildPhase;
			buildActionMask = 2147483647;
			files = (
				F895736A1E90BB8F00238779 /* ViewController.swift in Sources */,
				F89573681E90BB8F00238779 /* AppDelegate.swift in Sources */,
			);
			runOnlyForDeploymentPostprocessing = 0;
		};
/* End PBXSourcesBuildPhase section */

/* Begin PBXVariantGroup section */
		F895736B1E90BB8F00238779 /* Main.storyboard */ = {
			isa = PBXVariantGroup;
			children = (
				F895736C1E90BB8F00238779 /* Base */,
			);
			name = Main.storyboard;
			sourceTree = "<group>";
		};
		F89573701E90BB8F00238779 /* LaunchScreen.storyboard */ = {
			isa = PBXVariantGroup;
			children = (
				F89573711E90BB8F00238779 /* Base */,
			);
			name = LaunchScreen.storyboard;
			sourceTree = "<group>";
		};
/* End PBXVariantGroup section */

/* Begin XCBuildConfiguration section */
		F89573741E90BB8F00238779 /* Debug */ = {
			isa = XCBuildConfiguration;
			buildSettings = {
				ALWAYS_SEARCH_USER_PATHS = NO;
				CLANG_ANALYZER_NONNULL = YES;
				CLANG_ANALYZER_NUMBER_OBJECT_CONVERSION = YES_AGGRESSIVE;
				CLANG_CXX_LANGUAGE_STANDARD = "gnu++0x";
				CLANG_CXX_LIBRARY = "libc++";
				CLANG_ENABLE_MODULES = YES;
				CLANG_ENABLE_OBJC_ARC = YES;
				CLANG_WARN_BOOL_CONVERSION = YES;
				CLANG_WARN_CONSTANT_CONVERSION = YES;
				CLANG_WARN_DIRECT_OBJC_ISA_USAGE = YES_ERROR;
				CLANG_WARN_DOCUMENTATION_COMMENTS = YES;
				CLANG_WARN_EMPTY_BODY = YES;
				CLANG_WARN_ENUM_CONVERSION = YES;
				CLANG_WARN_INFINITE_RECURSION = YES;
				CLANG_WARN_INT_CONVERSION = YES;
				CLANG_WARN_OBJC_ROOT_CLASS = YES_ERROR;
				CLANG_WARN_SUSPICIOUS_MOVE = YES;
				CLANG_WARN_UNREACHABLE_CODE = YES;
				CLANG_WARN__DUPLICATE_METHOD_MATCH = YES;
				"CODE_SIGN_IDENTITY[sdk=iphoneos*]" = "iPhone Developer";
				COPY_PHASE_STRIP = NO;
				DEBUG_INFORMATION_FORMAT = dwarf;
				ENABLE_STRICT_OBJC_MSGSEND = YES;
				ENABLE_TESTABILITY = YES;
				GCC_C_LANGUAGE_STANDARD = gnu99;
				GCC_DYNAMIC_NO_PIC = NO;
				GCC_NO_COMMON_BLOCKS = YES;
				GCC_OPTIMIZATION_LEVEL = 0;
				GCC_PREPROCESSOR_DEFINITIONS = (
					"DEBUG=1",
					"$(inherited)",
				);
				GCC_WARN_64_TO_32_BIT_CONVERSION = YES;
				GCC_WARN_ABOUT_RETURN_TYPE = YES_ERROR;
				GCC_WARN_UNDECLARED_SELECTOR = YES;
				GCC_WARN_UNINITIALIZED_AUTOS = YES_AGGRESSIVE;
				GCC_WARN_UNUSED_FUNCTION = YES;
				GCC_WARN_UNUSED_VARIABLE = YES;
				IPHONEOS_DEPLOYMENT_TARGET = 10.3;
				MTL_ENABLE_DEBUG_INFO = YES;
				ONLY_ACTIVE_ARCH = YES;
				SDKROOT = iphoneos;
				SWIFT_ACTIVE_COMPILATION_CONDITIONS = DEBUG;
				SWIFT_OPTIMIZATION_LEVEL = "-Onone";
			};
			name = Debug;
		};
		F89573751E90BB8F00238779 /* Release */ = {
			isa = XCBuildConfiguration;
			buildSettings = {
				ALWAYS_SEARCH_USER_PATHS = NO;
				CLANG_ANALYZER_NONNULL = YES;
				CLANG_ANALYZER_NUMBER_OBJECT_CONVERSION = YES_AGGRESSIVE;
				CLANG_CXX_LANGUAGE_STANDARD = "gnu++0x";
				CLANG_CXX_LIBRARY = "libc++";
				CLANG_ENABLE_MODULES = YES;
				CLANG_ENABLE_OBJC_ARC = YES;
				CLANG_WARN_BOOL_CONVERSION = YES;
				CLANG_WARN_CONSTANT_CONVERSION = YES;
				CLANG_WARN_DIRECT_OBJC_ISA_USAGE = YES_ERROR;
				CLANG_WARN_DOCUMENTATION_COMMENTS = YES;
				CLANG_WARN_EMPTY_BODY = YES;
				CLANG_WARN_ENUM_CONVERSION = YES;
				CLANG_WARN_INFINITE_RECURSION = YES;
				CLANG_WARN_INT_CONVERSION = YES;
				CLANG_WARN_OBJC_ROOT_CLASS = YES_ERROR;
				CLANG_WARN_SUSPICIOUS_MOVE = YES;
				CLANG_WARN_UNREACHABLE_CODE = YES;
				CLANG_WARN__DUPLICATE_METHOD_MATCH = YES;
				"CODE_SIGN_IDENTITY[sdk=iphoneos*]" = "iPhone Developer";
				COPY_PHASE_STRIP = NO;
				DEBUG_INFORMATION_FORMAT = "dwarf-with-dsym";
				ENABLE_NS_ASSERTIONS = NO;
				ENABLE_STRICT_OBJC_MSGSEND = YES;
				GCC_C_LANGUAGE_STANDARD = gnu99;
				GCC_NO_COMMON_BLOCKS = YES;
				GCC_WARN_64_TO_32_BIT_CONVERSION = YES;
				GCC_WARN_ABOUT_RETURN_TYPE = YES_ERROR;
				GCC_WARN_UNDECLARED_SELECTOR = YES;
				GCC_WARN_UNINITIALIZED_AUTOS = YES_AGGRESSIVE;
				GCC_WARN_UNUSED_FUNCTION = YES;
				GCC_WARN_UNUSED_VARIABLE = YES;
				IPHONEOS_DEPLOYMENT_TARGET = 10.3;
				MTL_ENABLE_DEBUG_INFO = NO;
				SDKROOT = iphoneos;
				SWIFT_OPTIMIZATION_LEVEL = "-Owholemodule";
				VALIDATE_PRODUCT = YES;
			};
			name = Release;
		};
		F89573771E90BB8F00238779 /* Debug */ = {
			isa = XCBuildConfiguration;
			buildSettings = {
				ASSETCATALOG_COMPILER_APPICON_NAME = AppIcon;
				DEVELOPMENT_TEAM = Z4ZNZ62PTW;
				INFOPLIST_FILE = FakeSMS/Info.plist;
				LD_RUNPATH_SEARCH_PATHS = "$(inherited) @executable_path/Frameworks";
				PRODUCT_BUNDLE_IDENTIFIER = com.haynhanh.FakeSMS;
				PRODUCT_NAME = "$(TARGET_NAME)";
				SWIFT_VERSION = 3.0;
			};
			name = Debug;
		};
		F89573781E90BB8F00238779 /* Release */ = {
			isa = XCBuildConfiguration;
			buildSettings = {
				ASSETCATALOG_COMPILER_APPICON_NAME = AppIcon;
				DEVELOPMENT_TEAM = Z4ZNZ62PTW;
				INFOPLIST_FILE = FakeSMS/Info.plist;
				LD_RUNPATH_SEARCH_PATHS = "$(inherited) @executable_path/Frameworks";
				PRODUCT_BUNDLE_IDENTIFIER = com.haynhanh.FakeSMS;
				PRODUCT_NAME = "$(TARGET_NAME)";
				SWIFT_VERSION = 3.0;
			};
			name = Release;
		};
/* End XCBuildConfiguration section */

/* Begin XCConfigurationList section */
		F895735F1E90BB8F00238779 /* Build configuration list for PBXProject "FakeSMS" */ = {
			isa = XCConfigurationList;
			buildConfigurations = (
				F89573741E90BB8F00238779 /* Debug */,
				F89573751E90BB8F00238779 /* Release */,
			);
			defaultConfigurationIsVisible = 0;
			defaultConfigurationName = Release;
		};
		F89573761E90BB8F00238779 /* Build configuration list for PBXNativeTarget "FakeSMS" */ = {
			isa = XCConfigurationList;
			buildConfigurations = (
				F89573771E90BB8F00238779 /* Debug */,
				F89573781E90BB8F00238779 /* Release */,
			);
			defaultConfigurationIsVisible = 0;
		};
/* End XCConfigurationList section */
	};
	rootObject = F895735C1E90BB8F00238779 /* Project object */;
}
